
Microsoft Visual Studio Solution File, Format Version 12.00
# Visual Studio Version 16
VisualStudioVersion = 16.0.31005.135
MinimumVisualStudioVersion = 10.0.40219.1
Project("{FAE04EC0-301F-11D3-BF4B-00C04F79EFBC}") = "G2-Maps.Android", "G2-Maps\G2-Maps.Android\G2-Maps.Android.csproj", "{3F2C0812-99EF-4AAA-B978-350A4CDFB0E5}"
EndProject
Project("{FAE04EC0-301F-11D3-BF4B-00C04F79EFBC}") = "G2-Maps", "G2-Maps\G2-Maps\G2-Maps.csproj", "{D297F898-B779-46F5-BFD1-1FBF1DB30F26}"
EndProject
Global
	GlobalSection(SolutionConfigurationPlatforms) = preSolution
		Debug|Any CPU = Debug|Any CPU
		Release|Any CPU = Release|Any CPU
	EndGlobalSection
	GlobalSection(ProjectConfigurationPlatforms) = postSolution
		{3F2C0812-99EF-4AAA-B978-350A4CDFB0E5}.Debug|Any CPU.ActiveCfg = Debug|Any CPU
		{3F2C0812-99EF-4AAA-B978-350A4CDFB0E5}.Debug|Any CPU.Build.0 = Debug|Any CPU
		{3F2C0812-99EF-4AAA-B978-350A4CDFB0E5}.Debug|Any CPU.Deploy.0 = Debug|Any CPU
		{3F2C0812-99EF-4AAA-B978-350A4CDFB0E5}.Release|Any CPU.ActiveCfg = Release|Any CPU
		{3F2C0812-99EF-4AAA-B978-350A4CDFB0E5}.Release|Any CPU.Build.0 = Release|Any CPU
		{3F2C0812-99EF-4AAA-B978-350A4CDFB0E5}.Release|Any CPU.Deploy.0 = Release|Any CPU
		{D297F898-B779-46F5-BFD1-1FBF1DB30F26}.Debug|Any CPU.ActiveCfg = Debug|Any CPU
		{D297F898-B779-46F5-BFD1-1FBF1DB30F26}.Debug|Any CPU.Build.0 = Debug|Any CPU
		{D297F898-B779-46F5-BFD1-1FBF1DB30F26}.Debug|Any CPU.Deploy.0 = Debug|Any CPU
		{D297F898-B779-46F5-BFD1-1FBF1DB30F26}.Release|Any CPU.ActiveCfg = Release|Any CPU
		{D297F898-B779-46F5-BFD1-1FBF1DB30F26}.Release|Any CPU.Build.0 = Release|Any CPU
		{D297F898-B779-46F5-BFD1-1FBF1DB30F26}.Release|Any CPU.Deploy.0 = Release|Any CPU
	EndGlobalSection
	GlobalSection(SolutionProperties) = preSolution
		HideSolutionNode = FALSE
	EndGlobalSection
	GlobalSection(ExtensibilityGlobals) = postSolution
		SolutionGuid = {B6FAEF98-5D7D-402D-9A48-9C5F95FD739F}
	EndGlobalSection
EndGlobal
